
Microsoft Visual Studio Solution File, Format Version 12.00
# Visual Studio Version 16
VisualStudioVersion = 16.0.31005.135
MinimumVisualStudioVersion = 10.0.40219.1
Project("{9A19103F-16F7-4668-BE54-9A1E7A4F7556}") = "Roulette.Console", "Roulette.Console\Roulette.Console.csproj", "{F3446CFF-89CB-4810-97AF-8CDD00BA7C52}"
EndProject
Project("{9A19103F-16F7-4668-BE54-9A1E7A4F7556}") = "Roulette.Game", "Roulette.Game\Roulette.Game.csproj", "{61B256B7-D1AC-47FE-884F-01982BB55E63}"
EndProject
Project("{9A19103F-16F7-4668-BE54-9A1E7A4F7556}") = "Roulette.Tests", "Roulette.Tests\Roulette.Tests.csproj", "{9FF9666A-F303-45AF-9ABB-31682468E1D6}"
EndProject
Global
	GlobalSection(SolutionConfigurationPlatforms) = preSolution
		Debug|Any CPU = Debug|Any CPU
		Release|Any CPU = Release|Any CPU
	EndGlobalSection
	GlobalSection(ProjectConfigurationPlatforms) = postSolution
		{F3446CFF-89CB-4810-97AF-8CDD00BA7C52}.Debug|Any CPU.ActiveCfg = Debug|Any CPU
		{F3446CFF-89CB-4810-97AF-8CDD00BA7C52}.Debug|Any CPU.Build.0 = Debug|Any CPU
		{F3446CFF-89CB-4810-97AF-8CDD00BA7C52}.Release|Any CPU.ActiveCfg = Release|Any CPU
		{F3446CFF-89CB-4810-97AF-8CDD00BA7C52}.Release|Any CPU.Build.0 = Release|Any CPU
		{61B256B7-D1AC-47FE-884F-01982BB55E63}.Debug|Any CPU.ActiveCfg = Debug|Any CPU
		{61B256B7-D1AC-47FE-884F-01982BB55E63}.Debug|Any CPU.Build.0 = Debug|Any CPU
		{61B256B7-D1AC-47FE-884F-01982BB55E63}.Release|Any CPU.ActiveCfg = Release|Any CPU
		{61B256B7-D1AC-47FE-884F-01982BB55E63}.Release|Any CPU.Build.0 = Release|Any CPU
		{9FF9666A-F303-45AF-9ABB-31682468E1D6}.Debug|Any CPU.ActiveCfg = Debug|Any CPU
		{9FF9666A-F303-45AF-9ABB-31682468E1D6}.Debug|Any CPU.Build.0 = Debug|Any CPU
		{9FF9666A-F303-45AF-9ABB-31682468E1D6}.Release|Any CPU.ActiveCfg = Release|Any CPU
		{9FF9666A-F303-45AF-9ABB-31682468E1D6}.Release|Any CPU.Build.0 = Release|Any CPU
	EndGlobalSection
	GlobalSection(SolutionProperties) = preSolution
		HideSolutionNode = FALSE
	EndGlobalSection
	GlobalSection(ExtensibilityGlobals) = postSolution
		SolutionGuid = {CF698CF7-A866-4835-B7C1-B687188105EB}
	EndGlobalSection
EndGlobal
